
Microsoft Visual Studio Solution File, Format Version 12.00
# Visual Studio 2013
VisualStudioVersion = 12.0.30723.0
MinimumVisualStudioVersion = 10.0.40219.1
Project("{FAE04EC0-301F-11D3-BF4B-00C04F79EFBC}") = "Common", "Common\Common.csproj", "{D6B3F218-0C69-4BDF-BC4B-062292CA2BC4}"
EndProject
Project("{FAE04EC0-301F-11D3-BF4B-00C04F79EFBC}") = "Solution", "Solution\Solution.csproj", "{7CD9F0AE-B95B-411E-816C-295DC2EE85F5}"
EndProject
Project("{FAE04EC0-301F-11D3-BF4B-00C04F79EFBC}") = "Viewer", "Viewer\Viewer.csproj", "{99B9BAC0-7328-42B6-8817-9AE422B67B73}"
EndProject
Global
	GlobalSection(SolutionConfigurationPlatforms) = preSolution
		Debug|Any CPU = Debug|Any CPU
		Release|Any CPU = Release|Any CPU
	EndGlobalSection
	GlobalSection(ProjectConfigurationPlatforms) = postSolution
		{D6B3F218-0C69-4BDF-BC4B-062292CA2BC4}.Debug|Any CPU.ActiveCfg = Debug|Any CPU
		{D6B3F218-0C69-4BDF-BC4B-062292CA2BC4}.Debug|Any CPU.Build.0 = Debug|Any CPU
		{D6B3F218-0C69-4BDF-BC4B-062292CA2BC4}.Release|Any CPU.ActiveCfg = Release|Any CPU
		{D6B3F218-0C69-4BDF-BC4B-062292CA2BC4}.Release|Any CPU.Build.0 = Release|Any CPU
		{7CD9F0AE-B95B-411E-816C-295DC2EE85F5}.Debug|Any CPU.ActiveCfg = Debug|Any CPU
		{7CD9F0AE-B95B-411E-816C-295DC2EE85F5}.Debug|Any CPU.Build.0 = Debug|Any CPU
		{7CD9F0AE-B95B-411E-816C-295DC2EE85F5}.Release|Any CPU.ActiveCfg = Release|Any CPU
		{7CD9F0AE-B95B-411E-816C-295DC2EE85F5}.Release|Any CPU.Build.0 = Release|Any CPU
		{99B9BAC0-7328-42B6-8817-9AE422B67B73}.Debug|Any CPU.ActiveCfg = Debug|Any CPU
		{99B9BAC0-7328-42B6-8817-9AE422B67B73}.Debug|Any CPU.Build.0 = Debug|Any CPU
		{99B9BAC0-7328-42B6-8817-9AE422B67B73}.Release|Any CPU.ActiveCfg = Release|Any CPU
		{99B9BAC0-7328-42B6-8817-9AE422B67B73}.Release|Any CPU.Build.0 = Release|Any CPU
	EndGlobalSection
	GlobalSection(SolutionProperties) = preSolution
		HideSolutionNode = FALSE
	EndGlobalSection
EndGlobal
